// !$*UTF8*$!
{
	archiveVersion = 1;
	classes = {
	};
	objectVersion = 46;
	objects = {

/* Begin PBXBuildFile section */
		8E3ACFA31CDBD0D1007CC75F /* AppDelegate.swift in Sources */ = {isa = PBXBuildFile; fileRef = 8E3ACFA21CDBD0D1007CC75F /* AppDelegate.swift */; };
		8E3ACFA51CDBD0D1007CC75F /* MainVC.swift in Sources */ = {isa = PBXBuildFile; fileRef = 8E3ACFA41CDBD0D1007CC75F /* MainVC.swift */; };
		8E3ACFA81CDBD0D1007CC75F /* Main.storyboard in Resources */ = {isa = PBXBuildFile; fileRef = 8E3ACFA61CDBD0D1007CC75F /* Main.storyboard */; };
		8E3ACFAB1CDBD0D1007CC75F /* MyFavMovies.xcdatamodeld in Sources */ = {isa = PBXBuildFile; fileRef = 8E3ACFA91CDBD0D1007CC75F /* MyFavMovies.xcdatamodeld */; };
		8E3ACFAD1CDBD0D1007CC75F /* Assets.xcassets in Resources */ = {isa = PBXBuildFile; fileRef = 8E3ACFAC1CDBD0D1007CC75F /* Assets.xcassets */; };
		8E3ACFB01CDBD0D1007CC75F /* LaunchScreen.storyboard in Resources */ = {isa = PBXBuildFile; fileRef = 8E3ACFAE1CDBD0D1007CC75F /* LaunchScreen.storyboard */; };
		8E3ACFC01CDBF433007CC75F /* MovieCell.swift in Sources */ = {isa = PBXBuildFile; fileRef = 8E3ACFBF1CDBF433007CC75F /* MovieCell.swift */; };
		8E3ACFC21CDBFB78007CC75F /* AddMovieVC.swift in Sources */ = {isa = PBXBuildFile; fileRef = 8E3ACFC11CDBFB78007CC75F /* AddMovieVC.swift */; };
		8E3ACFCE1CDC1DCE007CC75F /* ExistingMovieVC.swift in Sources */ = {isa = PBXBuildFile; fileRef = 8E3ACFCD1CDC1DCE007CC75F /* ExistingMovieVC.swift */; };
		8E3ACFD11CDC4F9A007CC75F /* Movies+CoreDataProperties.swift in Sources */ = {isa = PBXBuildFile; fileRef = 8E3ACFCF1CDC4F9A007CC75F /* Movies+CoreDataProperties.swift */; };
		8E3ACFD21CDC4F9A007CC75F /* Movies.swift in Sources */ = {isa = PBXBuildFile; fileRef = 8E3ACFD01CDC4F9A007CC75F /* Movies.swift */; };
/* End PBXBuildFile section */

/* Begin PBXFileReference section */
		8E3ACF9F1CDBD0D1007CC75F /* MyFavMovies.app */ = {isa = PBXFileReference; explicitFileType = wrapper.application; includeInIndex = 0; path = MyFavMovies.app; sourceTree = BUILT_PRODUCTS_DIR; };
		8E3ACFA21CDBD0D1007CC75F /* AppDelegate.swift */ = {isa = PBXFileReference; lastKnownFileType = sourcecode.swift; path = AppDelegate.swift; sourceTree = "<group>"; };
		8E3ACFA41CDBD0D1007CC75F /* MainVC.swift */ = {isa = PBXFileReference; lastKnownFileType = sourcecode.swift; path = MainVC.swift; sourceTree = "<group>"; };
		8E3ACFA71CDBD0D1007CC75F /* Base */ = {isa = PBXFileReference; lastKnownFileType = file.storyboard; name = Base; path = Base.lproj/Main.storyboard; sourceTree = "<group>"; };
		8E3ACFAA1CDBD0D1007CC75F /* MyFavMovies.xcdatamodel */ = {isa = PBXFileReference; lastKnownFileType = wrapper.xcdatamodel; path = MyFavMovies.xcdatamodel; sourceTree = "<group>"; };
		8E3ACFAC1CDBD0D1007CC75F /* Assets.xcassets */ = {isa = PBXFileReference; lastKnownFileType = folder.assetcatalog; path = Assets.xcassets; sourceTree = "<group>"; };
		8E3ACFAF1CDBD0D1007CC75F /* Base */ = {isa = PBXFileReference; lastKnownFileType = file.storyboard; name = Base; path = Base.lproj/LaunchScreen.storyboard; sourceTree = "<group>"; };
		8E3ACFB11CDBD0D1007CC75F /* Info.plist */ = {isa = PBXFileReference; lastKnownFileType = text.plist.xml; path = Info.plist; sourceTree = "<group>"; };
		8E3ACFBF1CDBF433007CC75F /* MovieCell.swift */ = {isa = PBXFileReference; fileEncoding = 4; lastKnownFileType = sourcecode.swift; path = MovieCell.swift; sourceTree = "<group>"; };
		8E3ACFC11CDBFB78007CC75F /* AddMovieVC.swift */ = {isa = PBXFileReference; fileEncoding = 4; lastKnownFileType = sourcecode.swift; path = AddMovieVC.swift; sourceTree = "<group>"; };
		8E3ACFCD1CDC1DCE007CC75F /* ExistingMovieVC.swift */ = {isa = PBXFileReference; fileEncoding = 4; lastKnownFileType = sourcecode.swift; path = ExistingMovieVC.swift; sourceTree = "<group>"; };
		8E3ACFCF1CDC4F9A007CC75F /* Movies+CoreDataProperties.swift */ = {isa = PBXFileReference; fileEncoding = 4; lastKnownFileType = sourcecode.swift; name = "Movies+CoreDataProperties.swift"; path = "../Movies+CoreDataProperties.swift"; sourceTree = "<group>"; };
		8E3ACFD01CDC4F9A007CC75F /* Movies.swift */ = {isa = PBXFileReference; fileEncoding = 4; lastKnownFileType = sourcecode.swift; name = Movies.swift; path = ../Movies.swift; sourceTree = "<group>"; };
/* End PBXFileReference section */

/* Begin PBXFrameworksBuildPhase section */
		8E3ACF9C1CDBD0D1007CC75F /* Frameworks */ = {
			isa = PBXFrameworksBuildPhase;
			buildActionMask = 2147483647;
			files = (
			);
			runOnlyForDeploymentPostprocessing = 0;
		};
/* End PBXFrameworksBuildPhase section */

/* Begin PBXGroup section */
		8E3ACF961CDBD0D1007CC75F = {
			isa = PBXGroup;
			children = (
				8E3ACFA11CDBD0D1007CC75F /* MyFavMovies */,
				8E3ACFA01CDBD0D1007CC75F /* Products */,
			);
			sourceTree = "<group>";
		};
		8E3ACFA01CDBD0D1007CC75F /* Products */ = {
			isa = PBXGroup;
			children = (
				8E3ACF9F1CDBD0D1007CC75F /* MyFavMovies.app */,
			);
			name = Products;
			sourceTree = "<group>";
		};
		8E3ACFA11CDBD0D1007CC75F /* MyFavMovies */ = {
			isa = PBXGroup;
			children = (
				8E3ACFBA1CDBD10D007CC75F /* MODEL */,
				8E3ACFB91CDBD108007CC75F /* VIEW */,
				8E3ACFB81CDBD0FC007CC75F /* CONTROLLER */,
				8E3ACFB71CDBD0F5007CC75F /* Supporting Files */,
			);
			path = MyFavMovies;
			sourceTree = "<group>";
		};
		8E3ACFB71CDBD0F5007CC75F /* Supporting Files */ = {
			isa = PBXGroup;
			children = (
				8E3ACFA21CDBD0D1007CC75F /* AppDelegate.swift */,
				8E3ACFAC1CDBD0D1007CC75F /* Assets.xcassets */,
				8E3ACFB11CDBD0D1007CC75F /* Info.plist */,
				8E3ACFA91CDBD0D1007CC75F /* MyFavMovies.xcdatamodeld */,
			);
			name = "Supporting Files";
			sourceTree = "<group>";
		};
		8E3ACFB81CDBD0FC007CC75F /* CONTROLLER */ = {
			isa = PBXGroup;
			children = (
				8E3ACFA41CDBD0D1007CC75F /* MainVC.swift */,
				8E3ACFC11CDBFB78007CC75F /* AddMovieVC.swift */,
				8E3ACFCD1CDC1DCE007CC75F /* ExistingMovieVC.swift */,
			);
			name = CONTROLLER;
			sourceTree = "<group>";
		};
		8E3ACFB91CDBD108007CC75F /* VIEW */ = {
			isa = PBXGroup;
			children = (
				8E3ACFA61CDBD0D1007CC75F /* Main.storyboard */,
				8E3ACFAE1CDBD0D1007CC75F /* LaunchScreen.storyboard */,
				8E3ACFBF1CDBF433007CC75F /* MovieCell.swift */,
			);
			name = VIEW;
			sourceTree = "<group>";
		};
		8E3ACFBA1CDBD10D007CC75F /* MODEL */ = {
			isa = PBXGroup;
			children = (
				8E3ACFCF1CDC4F9A007CC75F /* Movies+CoreDataProperties.swift */,
				8E3ACFD01CDC4F9A007CC75F /* Movies.swift */,
			);
			name = MODEL;
			sourceTree = "<group>";
		};
/* End PBXGroup section */

/* Begin PBXNativeTarget section */
		8E3ACF9E1CDBD0D1007CC75F /* MyFavMovies */ = {
			isa = PBXNativeTarget;
			buildConfigurationList = 8E3ACFB41CDBD0D1007CC75F /* Build configuration list for PBXNativeTarget "MyFavMovies" */;
			buildPhases = (
				8E3ACF9B1CDBD0D1007CC75F /* Sources */,
				8E3ACF9C1CDBD0D1007CC75F /* Frameworks */,
				8E3ACF9D1CDBD0D1007CC75F /* Resources */,
			);
			buildRules = (
			);
			dependencies = (
			);
			name = MyFavMovies;
			productName = MyFavMovies;
			productReference = 8E3ACF9F1CDBD0D1007CC75F /* MyFavMovies.app */;
			productType = "com.apple.product-type.application";
		};
/* End PBXNativeTarget section */

/* Begin PBXProject section */
		8E3ACF971CDBD0D1007CC75F /* Project object */ = {
			isa = PBXProject;
			attributes = {
				LastSwiftUpdateCheck = 0730;
				LastUpgradeCheck = 0730;
				ORGANIZATIONNAME = "Lance Douglas";
				TargetAttributes = {
					8E3ACF9E1CDBD0D1007CC75F = {
						CreatedOnToolsVersion = 7.3.1;
					};
				};
			};
			buildConfigurationList = 8E3ACF9A1CDBD0D1007CC75F /* Build configuration list for PBXProject "MyFavMovies" */;
			compatibilityVersion = "Xcode 3.2";
			developmentRegion = English;
			hasScannedForEncodings = 0;
			knownRegions = (
				en,
				Base,
			);
			mainGroup = 8E3ACF961CDBD0D1007CC75F;
			productRefGroup = 8E3ACFA01CDBD0D1007CC75F /* Products */;
			projectDirPath = "";
			projectRoot = "";
			targets = (
				8E3ACF9E1CDBD0D1007CC75F /* MyFavMovies */,
			);
		};
/* End PBXProject section */

/* Begin PBXResourcesBuildPhase section */
		8E3ACF9D1CDBD0D1007CC75F /* Resources */ = {
			isa = PBXResourcesBuildPhase;
			buildActionMask = 2147483647;
			files = (
				8E3ACFB01CDBD0D1007CC75F /* LaunchScreen.storyboard in Resources */,
				8E3ACFAD1CDBD0D1007CC75F /* Assets.xcassets in Resources */,
				8E3ACFA81CDBD0D1007CC75F /* Main.storyboard in Resources */,
			);
			runOnlyForDeploymentPostprocessing = 0;
		};
/* End PBXResourcesBuildPhase section */

/* Begin PBXSourcesBuildPhase section */
		8E3ACF9B1CDBD0D1007CC75F /* Sources */ = {
			isa = PBXSourcesBuildPhase;
			buildActionMask = 2147483647;
			files = (
				8E3ACFC01CDBF433007CC75F /* MovieCell.swift in Sources */,
				8E3ACFA51CDBD0D1007CC75F /* MainVC.swift in Sources */,
				8E3ACFD21CDC4F9A007CC75F /* Movies.swift in Sources */,
				8E3ACFCE1CDC1DCE007CC75F /* ExistingMovieVC.swift in Sources */,
				8E3ACFD11CDC4F9A007CC75F /* Movies+CoreDataProperties.swift in Sources */,
				8E3ACFC21CDBFB78007CC75F /* AddMovieVC.swift in Sources */,
				8E3ACFA31CDBD0D1007CC75F /* AppDelegate.swift in Sources */,
				8E3ACFAB1CDBD0D1007CC75F /* MyFavMovies.xcdatamodeld in Sources */,
			);
			runOnlyForDeploymentPostprocessing = 0;
		};
/* End PBXSourcesBuildPhase section */

/* Begin PBXVariantGroup section */
		8E3ACFA61CDBD0D1007CC75F /* Main.storyboard */ = {
			isa = PBXVariantGroup;
			children = (
				8E3ACFA71CDBD0D1007CC75F /* Base */,
			);
			name = Main.storyboard;
			sourceTree = "<group>";
		};
		8E3ACFAE1CDBD0D1007CC75F /* LaunchScreen.storyboard */ = {
			isa = PBXVariantGroup;
			children = (
				8E3ACFAF1CDBD0D1007CC75F /* Base */,
			);
			name = LaunchScreen.storyboard;
			sourceTree = "<group>";
		};
/* End PBXVariantGroup section */

/* Begin XCBuildConfiguration section */
		8E3ACFB21CDBD0D1007CC75F /* Debug */ = {
			isa = XCBuildConfiguration;
			buildSettings = {
				ALWAYS_SEARCH_USER_PATHS = NO;
				CLANG_ANALYZER_NONNULL = YES;
				CLANG_CXX_LANGUAGE_STANDARD = "gnu++0x";
				CLANG_CXX_LIBRARY = "libc++";
				CLANG_ENABLE_MODULES = YES;
				CLANG_ENABLE_OBJC_ARC = YES;
				CLANG_WARN_BOOL_CONVERSION = YES;
				CLANG_WARN_CONSTANT_CONVERSION = YES;
				CLANG_WARN_DIRECT_OBJC_ISA_USAGE = YES_ERROR;
				CLANG_WARN_EMPTY_BODY = YES;
				CLANG_WARN_ENUM_CONVERSION = YES;
				CLANG_WARN_INT_CONVERSION = YES;
				CLANG_WARN_OBJC_ROOT_CLASS = YES_ERROR;
				CLANG_WARN_UNREACHABLE_CODE = YES;
				CLANG_WARN__DUPLICATE_METHOD_MATCH = YES;
				"CODE_SIGN_IDENTITY[sdk=iphoneos*]" = "iPhone Developer";
				COPY_PHASE_STRIP = NO;
				DEBUG_INFORMATION_FORMAT = dwarf;
				ENABLE_STRICT_OBJC_MSGSEND = YES;
				ENABLE_TESTABILITY = YES;
				GCC_C_LANGUAGE_STANDARD = gnu99;
				GCC_DYNAMIC_NO_PIC = NO;
				GCC_NO_COMMON_BLOCKS = YES;
				GCC_OPTIMIZATION_LEVEL = 0;
				GCC_PREPROCESSOR_DEFINITIONS = (
					"DEBUG=1",
					"$(inherited)",
				);
				GCC_WARN_64_TO_32_BIT_CONVERSION = YES;
				GCC_WARN_ABOUT_RETURN_TYPE = YES_ERROR;
				GCC_WARN_UNDECLARED_SELECTOR = YES;
				GCC_WARN_UNINITIALIZED_AUTOS = YES_AGGRESSIVE;
				GCC_WARN_UNUSED_FUNCTION = YES;
				GCC_WARN_UNUSED_VARIABLE = YES;
				IPHONEOS_DEPLOYMENT_TARGET = 9.3;
				MTL_ENABLE_DEBUG_INFO = YES;
				ONLY_ACTIVE_ARCH = YES;
				SDKROOT = iphoneos;
				SWIFT_OPTIMIZATION_LEVEL = "-Onone";
				TARGETED_DEVICE_FAMILY = "1,2";
			};
			name = Debug;
		};
		8E3ACFB31CDBD0D1007CC75F /* Release */ = {
			isa = XCBuildConfiguration;
			buildSettings = {
				ALWAYS_SEARCH_USER_PATHS = NO;
				CLANG_ANALYZER_NONNULL = YES;
				CLANG_CXX_LANGUAGE_STANDARD = "gnu++0x";
				CLANG_CXX_LIBRARY = "libc++";
				CLANG_ENABLE_MODULES = YES;
				CLANG_ENABLE_OBJC_ARC = YES;
				CLANG_WARN_BOOL_CONVERSION = YES;
				CLANG_WARN_CONSTANT_CONVERSION = YES;
				CLANG_WARN_DIRECT_OBJC_ISA_USAGE = YES_ERROR;
				CLANG_WARN_EMPTY_BODY = YES;
				CLANG_WARN_ENUM_CONVERSION = YES;
				CLANG_WARN_INT_CONVERSION = YES;
				CLANG_WARN_OBJC_ROOT_CLASS = YES_ERROR;
				CLANG_WARN_UNREACHABLE_CODE = YES;
				CLANG_WARN__DUPLICATE_METHOD_MATCH = YES;
				"CODE_SIGN_IDENTITY[sdk=iphoneos*]" = "iPhone Developer";
				COPY_PHASE_STRIP = NO;
				DEBUG_INFORMATION_FORMAT = "dwarf-with-dsym";
				ENABLE_NS_ASSERTIONS = NO;
				ENABLE_STRICT_OBJC_MSGSEND = YES;
				GCC_C_LANGUAGE_STANDARD = gnu99;
				GCC_NO_COMMON_BLOCKS = YES;
				GCC_WARN_64_TO_32_BIT_CONVERSION = YES;
				GCC_WARN_ABOUT_RETURN_TYPE = YES_ERROR;
				GCC_WARN_UNDECLARED_SELECTOR = YES;
				GCC_WARN_UNINITIALIZED_AUTOS = YES_AGGRESSIVE;
				GCC_WARN_UNUSED_FUNCTION = YES;
				GCC_WARN_UNUSED_VARIABLE = YES;
				IPHONEOS_DEPLOYMENT_TARGET = 9.3;
				MTL_ENABLE_DEBUG_INFO = NO;
				SDKROOT = iphoneos;
				TARGETED_DEVICE_FAMILY = "1,2";
				VALIDATE_PRODUCT = YES;
			};
			name = Release;
		};
		8E3ACFB51CDBD0D1007CC75F /* Debug */ = {
			isa = XCBuildConfiguration;
			buildSettings = {
				ASSETCATALOG_COMPILER_APPICON_NAME = AppIcon;
				INFOPLIST_FILE = MyFavMovies/Info.plist;
				LD_RUNPATH_SEARCH_PATHS = "$(inherited) @executable_path/Frameworks";
				PRODUCT_BUNDLE_IDENTIFIER = com.LanceDouglas.MyFavMovies;
				PRODUCT_NAME = "$(TARGET_NAME)";
				TARGETED_DEVICE_FAMILY = 1;
			};
			name = Debug;
		};
		8E3ACFB61CDBD0D1007CC75F /* Release */ = {
			isa = XCBuildConfiguration;
			buildSettings = {
				ASSETCATALOG_COMPILER_APPICON_NAME = AppIcon;
				INFOPLIST_FILE = MyFavMovies/Info.plist;
				LD_RUNPATH_SEARCH_PATHS = "$(inherited) @executable_path/Frameworks";
				PRODUCT_BUNDLE_IDENTIFIER = com.LanceDouglas.MyFavMovies;
				PRODUCT_NAME = "$(TARGET_NAME)";
				TARGETED_DEVICE_FAMILY = 1;
			};
			name = Release;
		};
/* End XCBuildConfiguration section */

/* Begin XCConfigurationList section */
		8E3ACF9A1CDBD0D1007CC75F /* Build configuration list for PBXProject "MyFavMovies" */ = {
			isa = XCConfigurationList;
			buildConfigurations = (
				8E3ACFB21CDBD0D1007CC75F /* Debug */,
				8E3ACFB31CDBD0D1007CC75F /* Release */,
			);
			defaultConfigurationIsVisible = 0;
			defaultConfigurationName = Release;
		};
		8E3ACFB41CDBD0D1007CC75F /* Build configuration list for PBXNativeTarget "MyFavMovies" */ = {
			isa = XCConfigurationList;
			buildConfigurations = (
				8E3ACFB51CDBD0D1007CC75F /* Debug */,
				8E3ACFB61CDBD0D1007CC75F /* Release */,
			);
			defaultConfigurationIsVisible = 0;
		};
/* End XCConfigurationList section */

/* Begin XCVersionGroup section */
		8E3ACFA91CDBD0D1007CC75F /* MyFavMovies.xcdatamodeld */ = {
			isa = XCVersionGroup;
			children = (
				8E3ACFAA1CDBD0D1007CC75F /* MyFavMovies.xcdatamodel */,
			);
			currentVersion = 8E3ACFAA1CDBD0D1007CC75F /* MyFavMovies.xcdatamodel */;
			path = MyFavMovies.xcdatamodeld;
			sourceTree = "<group>";
			versionGroupType = wrapper.xcdatamodel;
		};
/* End XCVersionGroup section */
	};
	rootObject = 8E3ACF971CDBD0D1007CC75F /* Project object */;
}
